
Microsoft Visual Studio Solution File, Format Version 12.00
# Visual Studio Version 17
VisualStudioVersion = 17.14.36414.22 d17.14
MinimumVisualStudioVersion = 10.0.40219.1
Project("{FAE04EC0-301F-11D3-BF4B-00C04F79EFBC}") = "LibraryManagementAPI", "LibraryManagementAPI\LibraryManagementAPI.csproj", "{7487ACE5-F2FD-48F8-8594-5586CC83C7DA}"
EndProject
Global
	GlobalSection(SolutionConfigurationPlatforms) = preSolution
		Debug|Any CPU = Debug|Any CPU
		Release|Any CPU = Release|Any CPU
	EndGlobalSection
	GlobalSection(ProjectConfigurationPlatforms) = postSolution
		{7487ACE5-F2FD-48F8-8594-5586CC83C7DA}.Debug|Any CPU.ActiveCfg = Debug|Any CPU
		{7487ACE5-F2FD-48F8-8594-5586CC83C7DA}.Debug|Any CPU.Build.0 = Debug|Any CPU
		{7487ACE5-F2FD-48F8-8594-5586CC83C7DA}.Release|Any CPU.ActiveCfg = Release|Any CPU
		{7487ACE5-F2FD-48F8-8594-5586CC83C7DA}.Release|Any CPU.Build.0 = Release|Any CPU
	EndGlobalSection
	GlobalSection(SolutionProperties) = preSolution
		HideSolutionNode = FALSE
	EndGlobalSection
	GlobalSection(ExtensibilityGlobals) = postSolution
		SolutionGuid = {87B57096-27D5-4D3F-8403-FB29C09A6B9A}
	EndGlobalSection
EndGlobal
